{
  "object": {
    "pins": [
      {
        "package": "CombineFeedback",
        "repositoryURL": "https://github.com/sergdort/CombineFeedback",
        "state": {
          "branch": null,
          "revision": "3651fe99f66aba4ec736bfe91409bc00eb8dae6d",
          "version": "0.6.0"
        }
      }
    ]
  },
  "version": 1
}
